
Microsoft Visual Studio Solution File, Format Version 12.00
# Visual Studio 15
VisualStudioVersion = 15.0.26403.7
MinimumVisualStudioVersion = 10.0.40219.1
Project("{FAE04EC0-301F-11D3-BF4B-00C04F79EFBC}") = "Nager.Date", "Nager.Date\Nager.Date.csproj", "{7370E7A4-3B12-4231-8A82-628544DDB766}"
EndProject
Project("{9A19103F-16F7-4668-BE54-9A1E7A4F7556}") = "Nager.Date.UnitTest", "Nager.Date.UnitTest\Nager.Date.UnitTest.csproj", "{C3F7A893-B738-4ED6-ADF7-557D8E3785EE}"
EndProject
Project("{FAE04EC0-301F-11D3-BF4B-00C04F79EFBC}") = "Nager.Date.Monitor", "Nager.Date.Monitor\Nager.Date.Monitor.csproj", "{40D19634-F4D6-421C-B666-B46182A4185C}"
EndProject
Project("{9A19103F-16F7-4668-BE54-9A1E7A4F7556}") = "Nager.Date.TestConsole", "Nager.Date.TestConsole\Nager.Date.TestConsole.csproj", "{7EB9BEE0-266E-47F2-99F3-EC10AC07F7AF}"
EndProject
Project("{FAE04EC0-301F-11D3-BF4B-00C04F79EFBC}") = "Nager.Date.Website", "Nager.Date.Website\Nager.Date.Website.csproj", "{65C51ED3-CB97-4814-BB3B-2BD98D844EF1}"
EndProject
Global
	GlobalSection(SolutionConfigurationPlatforms) = preSolution
		Debug|Any CPU = Debug|Any CPU
		Debug|x86 = Debug|x86
		Release|Any CPU = Release|Any CPU
		Release|x86 = Release|x86
	EndGlobalSection
	GlobalSection(ProjectConfigurationPlatforms) = postSolution
		{7370E7A4-3B12-4231-8A82-628544DDB766}.Debug|Any CPU.ActiveCfg = Debug|Any CPU
		{7370E7A4-3B12-4231-8A82-628544DDB766}.Debug|Any CPU.Build.0 = Debug|Any CPU
		{7370E7A4-3B12-4231-8A82-628544DDB766}.Debug|x86.ActiveCfg = Debug|Any CPU
		{7370E7A4-3B12-4231-8A82-628544DDB766}.Release|Any CPU.ActiveCfg = Release|Any CPU
		{7370E7A4-3B12-4231-8A82-628544DDB766}.Release|Any CPU.Build.0 = Release|Any CPU
		{7370E7A4-3B12-4231-8A82-628544DDB766}.Release|x86.ActiveCfg = Release|Any CPU
		{C3F7A893-B738-4ED6-ADF7-557D8E3785EE}.Debug|Any CPU.ActiveCfg = Debug|Any CPU
		{C3F7A893-B738-4ED6-ADF7-557D8E3785EE}.Debug|Any CPU.Build.0 = Debug|Any CPU
		{C3F7A893-B738-4ED6-ADF7-557D8E3785EE}.Debug|x86.ActiveCfg = Debug|Any CPU
		{C3F7A893-B738-4ED6-ADF7-557D8E3785EE}.Debug|x86.Build.0 = Debug|Any CPU
		{C3F7A893-B738-4ED6-ADF7-557D8E3785EE}.Release|Any CPU.ActiveCfg = Release|Any CPU
		{C3F7A893-B738-4ED6-ADF7-557D8E3785EE}.Release|Any CPU.Build.0 = Release|Any CPU
		{C3F7A893-B738-4ED6-ADF7-557D8E3785EE}.Release|x86.ActiveCfg = Release|Any CPU
		{C3F7A893-B738-4ED6-ADF7-557D8E3785EE}.Release|x86.Build.0 = Release|Any CPU
		{40D19634-F4D6-421C-B666-B46182A4185C}.Debug|Any CPU.ActiveCfg = Debug|Any CPU
		{40D19634-F4D6-421C-B666-B46182A4185C}.Debug|Any CPU.Build.0 = Debug|Any CPU
		{40D19634-F4D6-421C-B666-B46182A4185C}.Debug|x86.ActiveCfg = Debug|Any CPU
		{40D19634-F4D6-421C-B666-B46182A4185C}.Debug|x86.Build.0 = Debug|Any CPU
		{40D19634-F4D6-421C-B666-B46182A4185C}.Release|Any CPU.ActiveCfg = Release|Any CPU
		{40D19634-F4D6-421C-B666-B46182A4185C}.Release|Any CPU.Build.0 = Release|Any CPU
		{40D19634-F4D6-421C-B666-B46182A4185C}.Release|x86.ActiveCfg = Release|Any CPU
		{40D19634-F4D6-421C-B666-B46182A4185C}.Release|x86.Build.0 = Release|Any CPU
		{7EB9BEE0-266E-47F2-99F3-EC10AC07F7AF}.Debug|Any CPU.ActiveCfg = Debug|Any CPU
		{7EB9BEE0-266E-47F2-99F3-EC10AC07F7AF}.Debug|Any CPU.Build.0 = Debug|Any CPU
		{7EB9BEE0-266E-47F2-99F3-EC10AC07F7AF}.Debug|x86.ActiveCfg = Debug|Any CPU
		{7EB9BEE0-266E-47F2-99F3-EC10AC07F7AF}.Debug|x86.Build.0 = Debug|Any CPU
		{7EB9BEE0-266E-47F2-99F3-EC10AC07F7AF}.Release|Any CPU.ActiveCfg = Release|Any CPU
		{7EB9BEE0-266E-47F2-99F3-EC10AC07F7AF}.Release|Any CPU.Build.0 = Release|Any CPU
		{7EB9BEE0-266E-47F2-99F3-EC10AC07F7AF}.Release|x86.ActiveCfg = Release|Any CPU
		{7EB9BEE0-266E-47F2-99F3-EC10AC07F7AF}.Release|x86.Build.0 = Release|Any CPU
		{65C51ED3-CB97-4814-BB3B-2BD98D844EF1}.Debug|Any CPU.ActiveCfg = Debug|Any CPU
		{65C51ED3-CB97-4814-BB3B-2BD98D844EF1}.Debug|Any CPU.Build.0 = Debug|Any CPU
		{65C51ED3-CB97-4814-BB3B-2BD98D844EF1}.Debug|x86.ActiveCfg = Debug|Any CPU
		{65C51ED3-CB97-4814-BB3B-2BD98D844EF1}.Debug|x86.Build.0 = Debug|Any CPU
		{65C51ED3-CB97-4814-BB3B-2BD98D844EF1}.Release|Any CPU.ActiveCfg = Release|Any CPU
		{65C51ED3-CB97-4814-BB3B-2BD98D844EF1}.Release|Any CPU.Build.0 = Release|Any CPU
		{65C51ED3-CB97-4814-BB3B-2BD98D844EF1}.Release|x86.ActiveCfg = Release|Any CPU
		{65C51ED3-CB97-4814-BB3B-2BD98D844EF1}.Release|x86.Build.0 = Release|Any CPU
	EndGlobalSection
	GlobalSection(SolutionProperties) = preSolution
		HideSolutionNode = FALSE
	EndGlobalSection
EndGlobal
