
Microsoft Visual Studio Solution File, Format Version 12.00
# Visual Studio Version 16
VisualStudioVersion = 16.0.29418.71
MinimumVisualStudioVersion = 10.0.40219.1
Project("{9A19103F-16F7-4668-BE54-9A1E7A4F7556}") = "Nager.Date.TestConsole", "Nager.Date.TestConsole\Nager.Date.TestConsole.csproj", "{86A0CFD1-1124-4FED-A14A-52373EA4D0C2}"
EndProject
Project("{9A19103F-16F7-4668-BE54-9A1E7A4F7556}") = "Nager.Date", "Nager.Date\Nager.Date.csproj", "{8A4EA57B-27EF-422F-9CD3-742A73F03C6F}"
EndProject
Project("{9A19103F-16F7-4668-BE54-9A1E7A4F7556}") = "Nager.Date.UnitTest", "Nager.Date.UnitTest\Nager.Date.UnitTest.csproj", "{B693CF95-D82F-49A5-85A5-158670B87DFD}"
EndProject
Project("{9A19103F-16F7-4668-BE54-9A1E7A4F7556}") = "Nager.Date.WebsiteCore", "Nager.Date.WebsiteCore\Nager.Date.WebsiteCore.csproj", "{79A3D247-2618-4D0F-817E-9973E2D8727D}"
EndProject
Global
	GlobalSection(SolutionConfigurationPlatforms) = preSolution
		Debug|Any CPU = Debug|Any CPU
		Debug|Mixed Platforms = Debug|Mixed Platforms
		Debug|x86 = Debug|x86
		Release|Any CPU = Release|Any CPU
		Release|Mixed Platforms = Release|Mixed Platforms
		Release|x86 = Release|x86
	EndGlobalSection
	GlobalSection(ProjectConfigurationPlatforms) = postSolution
		{86A0CFD1-1124-4FED-A14A-52373EA4D0C2}.Debug|Any CPU.ActiveCfg = Debug|Any CPU
		{86A0CFD1-1124-4FED-A14A-52373EA4D0C2}.Debug|Any CPU.Build.0 = Debug|Any CPU
		{86A0CFD1-1124-4FED-A14A-52373EA4D0C2}.Debug|Mixed Platforms.ActiveCfg = Debug|Any CPU
		{86A0CFD1-1124-4FED-A14A-52373EA4D0C2}.Debug|Mixed Platforms.Build.0 = Debug|Any CPU
		{86A0CFD1-1124-4FED-A14A-52373EA4D0C2}.Debug|x86.ActiveCfg = Debug|Any CPU
		{86A0CFD1-1124-4FED-A14A-52373EA4D0C2}.Debug|x86.Build.0 = Debug|Any CPU
		{86A0CFD1-1124-4FED-A14A-52373EA4D0C2}.Release|Any CPU.ActiveCfg = Release|Any CPU
		{86A0CFD1-1124-4FED-A14A-52373EA4D0C2}.Release|Any CPU.Build.0 = Release|Any CPU
		{86A0CFD1-1124-4FED-A14A-52373EA4D0C2}.Release|Mixed Platforms.ActiveCfg = Release|Any CPU
		{86A0CFD1-1124-4FED-A14A-52373EA4D0C2}.Release|Mixed Platforms.Build.0 = Release|Any CPU
		{86A0CFD1-1124-4FED-A14A-52373EA4D0C2}.Release|x86.ActiveCfg = Release|Any CPU
		{86A0CFD1-1124-4FED-A14A-52373EA4D0C2}.Release|x86.Build.0 = Release|Any CPU
		{8A4EA57B-27EF-422F-9CD3-742A73F03C6F}.Debug|Any CPU.ActiveCfg = Debug|Any CPU
		{8A4EA57B-27EF-422F-9CD3-742A73F03C6F}.Debug|Any CPU.Build.0 = Debug|Any CPU
		{8A4EA57B-27EF-422F-9CD3-742A73F03C6F}.Debug|Mixed Platforms.ActiveCfg = Debug|Any CPU
		{8A4EA57B-27EF-422F-9CD3-742A73F03C6F}.Debug|Mixed Platforms.Build.0 = Debug|Any CPU
		{8A4EA57B-27EF-422F-9CD3-742A73F03C6F}.Debug|x86.ActiveCfg = Debug|Any CPU
		{8A4EA57B-27EF-422F-9CD3-742A73F03C6F}.Debug|x86.Build.0 = Debug|Any CPU
		{8A4EA57B-27EF-422F-9CD3-742A73F03C6F}.Release|Any CPU.ActiveCfg = Release|Any CPU
		{8A4EA57B-27EF-422F-9CD3-742A73F03C6F}.Release|Any CPU.Build.0 = Release|Any CPU
		{8A4EA57B-27EF-422F-9CD3-742A73F03C6F}.Release|Mixed Platforms.ActiveCfg = Release|Any CPU
		{8A4EA57B-27EF-422F-9CD3-742A73F03C6F}.Release|Mixed Platforms.Build.0 = Release|Any CPU
		{8A4EA57B-27EF-422F-9CD3-742A73F03C6F}.Release|x86.ActiveCfg = Release|Any CPU
		{8A4EA57B-27EF-422F-9CD3-742A73F03C6F}.Release|x86.Build.0 = Release|Any CPU
		{B693CF95-D82F-49A5-85A5-158670B87DFD}.Debug|Any CPU.ActiveCfg = Debug|Any CPU
		{B693CF95-D82F-49A5-85A5-158670B87DFD}.Debug|Any CPU.Build.0 = Debug|Any CPU
		{B693CF95-D82F-49A5-85A5-158670B87DFD}.Debug|Mixed Platforms.ActiveCfg = Debug|Any CPU
		{B693CF95-D82F-49A5-85A5-158670B87DFD}.Debug|Mixed Platforms.Build.0 = Debug|Any CPU
		{B693CF95-D82F-49A5-85A5-158670B87DFD}.Debug|x86.ActiveCfg = Debug|Any CPU
		{B693CF95-D82F-49A5-85A5-158670B87DFD}.Debug|x86.Build.0 = Debug|Any CPU
		{B693CF95-D82F-49A5-85A5-158670B87DFD}.Release|Any CPU.ActiveCfg = Release|Any CPU
		{B693CF95-D82F-49A5-85A5-158670B87DFD}.Release|Any CPU.Build.0 = Release|Any CPU
		{B693CF95-D82F-49A5-85A5-158670B87DFD}.Release|Mixed Platforms.ActiveCfg = Release|Any CPU
		{B693CF95-D82F-49A5-85A5-158670B87DFD}.Release|Mixed Platforms.Build.0 = Release|Any CPU
		{B693CF95-D82F-49A5-85A5-158670B87DFD}.Release|x86.ActiveCfg = Release|Any CPU
		{B693CF95-D82F-49A5-85A5-158670B87DFD}.Release|x86.Build.0 = Release|Any CPU
		{79A3D247-2618-4D0F-817E-9973E2D8727D}.Debug|Any CPU.ActiveCfg = Debug|Any CPU
		{79A3D247-2618-4D0F-817E-9973E2D8727D}.Debug|Any CPU.Build.0 = Debug|Any CPU
		{79A3D247-2618-4D0F-817E-9973E2D8727D}.Debug|Mixed Platforms.ActiveCfg = Debug|Any CPU
		{79A3D247-2618-4D0F-817E-9973E2D8727D}.Debug|Mixed Platforms.Build.0 = Debug|Any CPU
		{79A3D247-2618-4D0F-817E-9973E2D8727D}.Debug|x86.ActiveCfg = Debug|Any CPU
		{79A3D247-2618-4D0F-817E-9973E2D8727D}.Debug|x86.Build.0 = Debug|Any CPU
		{79A3D247-2618-4D0F-817E-9973E2D8727D}.Release|Any CPU.ActiveCfg = Release|Any CPU
		{79A3D247-2618-4D0F-817E-9973E2D8727D}.Release|Any CPU.Build.0 = Release|Any CPU
		{79A3D247-2618-4D0F-817E-9973E2D8727D}.Release|Mixed Platforms.ActiveCfg = Release|Any CPU
		{79A3D247-2618-4D0F-817E-9973E2D8727D}.Release|Mixed Platforms.Build.0 = Release|Any CPU
		{79A3D247-2618-4D0F-817E-9973E2D8727D}.Release|x86.ActiveCfg = Release|Any CPU
		{79A3D247-2618-4D0F-817E-9973E2D8727D}.Release|x86.Build.0 = Release|Any CPU
	EndGlobalSection
	GlobalSection(SolutionProperties) = preSolution
		HideSolutionNode = FALSE
	EndGlobalSection
	GlobalSection(ExtensibilityGlobals) = postSolution
		SolutionGuid = {9907A955-6357-48FD-9203-CDE1B954346C}
	EndGlobalSection
EndGlobal
